
Microsoft Visual Studio Solution File, Format Version 12.00
# Visual Studio Version 17
VisualStudioVersion = 17.2.32516.85
MinimumVisualStudioVersion = 10.0.40219.1
Project("{FAE04EC0-301F-11D3-BF4B-00C04F79EFBC}") = "NoteApp_v2", "NoteApp_v2\NoteApp_v2.csproj", "{3ABA793F-5F9A-4BFE-A428-130E3865DBB2}"
EndProject
Project("{FAE04EC0-301F-11D3-BF4B-00C04F79EFBC}") = "NoteApp_Lib", "NoteApp_Lib\NoteApp_Lib.csproj", "{668892A4-815C-40DA-8CC9-742596BD046C}"
EndProject
Global
	GlobalSection(SolutionConfigurationPlatforms) = preSolution
		Debug|Any CPU = Debug|Any CPU
		Release|Any CPU = Release|Any CPU
	EndGlobalSection
	GlobalSection(ProjectConfigurationPlatforms) = postSolution
		{3ABA793F-5F9A-4BFE-A428-130E3865DBB2}.Debug|Any CPU.ActiveCfg = Debug|Any CPU
		{3ABA793F-5F9A-4BFE-A428-130E3865DBB2}.Debug|Any CPU.Build.0 = Debug|Any CPU
		{3ABA793F-5F9A-4BFE-A428-130E3865DBB2}.Release|Any CPU.ActiveCfg = Release|Any CPU
		{3ABA793F-5F9A-4BFE-A428-130E3865DBB2}.Release|Any CPU.Build.0 = Release|Any CPU
		{668892A4-815C-40DA-8CC9-742596BD046C}.Debug|Any CPU.ActiveCfg = Debug|Any CPU
		{668892A4-815C-40DA-8CC9-742596BD046C}.Debug|Any CPU.Build.0 = Debug|Any CPU
		{668892A4-815C-40DA-8CC9-742596BD046C}.Release|Any CPU.ActiveCfg = Release|Any CPU
		{668892A4-815C-40DA-8CC9-742596BD046C}.Release|Any CPU.Build.0 = Release|Any CPU
	EndGlobalSection
	GlobalSection(SolutionProperties) = preSolution
		HideSolutionNode = FALSE
	EndGlobalSection
	GlobalSection(ExtensibilityGlobals) = postSolution
		SolutionGuid = {86C95646-0842-4F79-86E5-D52FAC6FB947}
	EndGlobalSection
EndGlobal
